{
  "version": "5",
  "redirects": {
    "https://esm.sh/@types/d3@~7.4.3/index.d.ts": "https://esm.sh/@types/d3@7.4.3/index.d.ts",
    "https://esm.sh/d3": "https://esm.sh/d3@7.9.0"
  },
  "remote": {
    "https://esm.sh/d3@7.9.0": "0f484f45fb5563b95c89bdecd8e4805fe307f1ceb5baab41ac635abc3d048faa"
  }
}
